
Microsoft Visual Studio Solution File, Format Version 12.00
# Visual Studio 15
VisualStudioVersion = 15.0.27130.2027
MinimumVisualStudioVersion = 10.0.40219.1
Project("{FAE04EC0-301F-11D3-BF4B-00C04F79EFBC}") = "3 практика", "3 практика\3 практика.csproj", "{2CCC4609-FB27-41C3-BA87-47A63C742455}"
EndProject
Global
	GlobalSection(SolutionConfigurationPlatforms) = preSolution
		Debug|Any CPU = Debug|Any CPU
		Release|Any CPU = Release|Any CPU
	EndGlobalSection
	GlobalSection(ProjectConfigurationPlatforms) = postSolution
		{2CCC4609-FB27-41C3-BA87-47A63C742455}.Debug|Any CPU.ActiveCfg = Debug|Any CPU
		{2CCC4609-FB27-41C3-BA87-47A63C742455}.Debug|Any CPU.Build.0 = Debug|Any CPU
		{2CCC4609-FB27-41C3-BA87-47A63C742455}.Release|Any CPU.ActiveCfg = Release|Any CPU
		{2CCC4609-FB27-41C3-BA87-47A63C742455}.Release|Any CPU.Build.0 = Release|Any CPU
	EndGlobalSection
	GlobalSection(SolutionProperties) = preSolution
		HideSolutionNode = FALSE
	EndGlobalSection
	GlobalSection(ExtensibilityGlobals) = postSolution
		SolutionGuid = {D0D10637-0B11-4365-A07B-B284CC44C566}
	EndGlobalSection
EndGlobal
